
Microsoft Visual Studio Solution File, Format Version 12.00
# Visual Studio Version 17
VisualStudioVersion = 17.11.35219.272
MinimumVisualStudioVersion = 10.0.40219.1
Project("{FAE04EC0-301F-11D3-BF4B-00C04F79EFBC}") = "KeyLog", "KeyLog.csproj", "{FAB751AC-F57B-4EC5-A2AA-7D8683669EC3}"
EndProject
Global
	GlobalSection(SolutionConfigurationPlatforms) = preSolution
		Debug|Any CPU = Debug|Any CPU
		Release|Any CPU = Release|Any CPU
	EndGlobalSection
	GlobalSection(ProjectConfigurationPlatforms) = postSolution
		{FAB751AC-F57B-4EC5-A2AA-7D8683669EC3}.Debug|Any CPU.ActiveCfg = Debug|Any CPU
		{FAB751AC-F57B-4EC5-A2AA-7D8683669EC3}.Debug|Any CPU.Build.0 = Debug|Any CPU
		{FAB751AC-F57B-4EC5-A2AA-7D8683669EC3}.Release|Any CPU.ActiveCfg = Release|Any CPU
		{FAB751AC-F57B-4EC5-A2AA-7D8683669EC3}.Release|Any CPU.Build.0 = Release|Any CPU
	EndGlobalSection
	GlobalSection(SolutionProperties) = preSolution
		HideSolutionNode = FALSE
	EndGlobalSection
	GlobalSection(ExtensibilityGlobals) = postSolution
		SolutionGuid = {B402BA10-E329-45CC-9A59-93DC1838C64F}
	EndGlobalSection
EndGlobal
